
Microsoft Visual Studio Solution File, Format Version 12.00
# Visual Studio Version 17
VisualStudioVersion = 17.2.32630.192
MinimumVisualStudioVersion = 10.0.40219.1
Project("{FAE04EC0-301F-11D3-BF4B-00C04F79EFBC}") = "CtApiExample", "src\CtApiExample\CtApiExample.csproj", "{2B20683A-83B5-4A42-A06F-DD1D613B2E41}"
EndProject
Project("{9A19103F-16F7-4668-BE54-9A1E7A4F7556}") = "Citect.CtApi", "src\Citect.CtApi\Citect.CtApi\Citect.CtApi.csproj", "{F51A716E-8449-4BCF-B64E-1C9C8D9E7657}"
EndProject
Project("{9A19103F-16F7-4668-BE54-9A1E7A4F7556}") = "Citect.CtApi.ConsoleApp1", "src\Citect.CtApi\Citect.CtApi.ConsoleApp1\Citect.CtApi.ConsoleApp1.csproj", "{523F1F4C-AB17-4CC3-AB3B-4C29AC2B1260}"
EndProject
Project("{9A19103F-16F7-4668-BE54-9A1E7A4F7556}") = "SchneiderElectric.NbApi", "src\SchneiderElectric.NbApi\SchneiderElectric.NbApi.csproj", "{0D24D238-6A2C-402D-A4D2-40D90165C1C7}"
EndProject
Project("{FAE04EC0-301F-11D3-BF4B-00C04F79EFBC}") = "SchneiderElectric.Po.NbApi", "src\SchneiderElectric.Po.NbApi\SchneiderElectric.Po.NbApi.csproj", "{B78F98F3-9105-42EF-AA63-5AD925EC6B5D}"
EndProject
Global
	GlobalSection(SolutionConfigurationPlatforms) = preSolution
		Debug|Any CPU = Debug|Any CPU
		Debug|x64 = Debug|x64
		Debug|x86 = Debug|x86
		Release|Any CPU = Release|Any CPU
		Release|x64 = Release|x64
		Release|x86 = Release|x86
	EndGlobalSection
	GlobalSection(ProjectConfigurationPlatforms) = postSolution
		{2B20683A-83B5-4A42-A06F-DD1D613B2E41}.Debug|Any CPU.ActiveCfg = Debug|Any CPU
		{2B20683A-83B5-4A42-A06F-DD1D613B2E41}.Debug|Any CPU.Build.0 = Debug|Any CPU
		{2B20683A-83B5-4A42-A06F-DD1D613B2E41}.Debug|x64.ActiveCfg = Debug|x64
		{2B20683A-83B5-4A42-A06F-DD1D613B2E41}.Debug|x64.Build.0 = Debug|x64
		{2B20683A-83B5-4A42-A06F-DD1D613B2E41}.Debug|x86.ActiveCfg = Debug|x86
		{2B20683A-83B5-4A42-A06F-DD1D613B2E41}.Debug|x86.Build.0 = Debug|x86
		{2B20683A-83B5-4A42-A06F-DD1D613B2E41}.Release|Any CPU.ActiveCfg = Release|Any CPU
		{2B20683A-83B5-4A42-A06F-DD1D613B2E41}.Release|Any CPU.Build.0 = Release|Any CPU
		{2B20683A-83B5-4A42-A06F-DD1D613B2E41}.Release|x64.ActiveCfg = Release|x64
		{2B20683A-83B5-4A42-A06F-DD1D613B2E41}.Release|x64.Build.0 = Release|x64
		{2B20683A-83B5-4A42-A06F-DD1D613B2E41}.Release|x86.ActiveCfg = Release|x86
		{2B20683A-83B5-4A42-A06F-DD1D613B2E41}.Release|x86.Build.0 = Release|x86
		{F51A716E-8449-4BCF-B64E-1C9C8D9E7657}.Debug|Any CPU.ActiveCfg = Debug|Any CPU
		{F51A716E-8449-4BCF-B64E-1C9C8D9E7657}.Debug|Any CPU.Build.0 = Debug|Any CPU
		{F51A716E-8449-4BCF-B64E-1C9C8D9E7657}.Debug|x64.ActiveCfg = Debug|Any CPU
		{F51A716E-8449-4BCF-B64E-1C9C8D9E7657}.Debug|x64.Build.0 = Debug|Any CPU
		{F51A716E-8449-4BCF-B64E-1C9C8D9E7657}.Debug|x86.ActiveCfg = Debug|x86
		{F51A716E-8449-4BCF-B64E-1C9C8D9E7657}.Debug|x86.Build.0 = Debug|x86
		{F51A716E-8449-4BCF-B64E-1C9C8D9E7657}.Release|Any CPU.ActiveCfg = Release|Any CPU
		{F51A716E-8449-4BCF-B64E-1C9C8D9E7657}.Release|Any CPU.Build.0 = Release|Any CPU
		{F51A716E-8449-4BCF-B64E-1C9C8D9E7657}.Release|x64.ActiveCfg = Release|Any CPU
		{F51A716E-8449-4BCF-B64E-1C9C8D9E7657}.Release|x64.Build.0 = Release|Any CPU
		{F51A716E-8449-4BCF-B64E-1C9C8D9E7657}.Release|x86.ActiveCfg = Release|x86
		{F51A716E-8449-4BCF-B64E-1C9C8D9E7657}.Release|x86.Build.0 = Release|x86
		{523F1F4C-AB17-4CC3-AB3B-4C29AC2B1260}.Debug|Any CPU.ActiveCfg = Debug|Any CPU
		{523F1F4C-AB17-4CC3-AB3B-4C29AC2B1260}.Debug|Any CPU.Build.0 = Debug|Any CPU
		{523F1F4C-AB17-4CC3-AB3B-4C29AC2B1260}.Debug|x64.ActiveCfg = Debug|Any CPU
		{523F1F4C-AB17-4CC3-AB3B-4C29AC2B1260}.Debug|x64.Build.0 = Debug|Any CPU
		{523F1F4C-AB17-4CC3-AB3B-4C29AC2B1260}.Debug|x86.ActiveCfg = Debug|x86
		{523F1F4C-AB17-4CC3-AB3B-4C29AC2B1260}.Debug|x86.Build.0 = Debug|x86
		{523F1F4C-AB17-4CC3-AB3B-4C29AC2B1260}.Release|Any CPU.ActiveCfg = Release|Any CPU
		{523F1F4C-AB17-4CC3-AB3B-4C29AC2B1260}.Release|Any CPU.Build.0 = Release|Any CPU
		{523F1F4C-AB17-4CC3-AB3B-4C29AC2B1260}.Release|x64.ActiveCfg = Release|Any CPU
		{523F1F4C-AB17-4CC3-AB3B-4C29AC2B1260}.Release|x64.Build.0 = Release|Any CPU
		{523F1F4C-AB17-4CC3-AB3B-4C29AC2B1260}.Release|x86.ActiveCfg = Release|x86
		{523F1F4C-AB17-4CC3-AB3B-4C29AC2B1260}.Release|x86.Build.0 = Release|x86
		{0D24D238-6A2C-402D-A4D2-40D90165C1C7}.Debug|Any CPU.ActiveCfg = Debug|Any CPU
		{0D24D238-6A2C-402D-A4D2-40D90165C1C7}.Debug|Any CPU.Build.0 = Debug|Any CPU
		{0D24D238-6A2C-402D-A4D2-40D90165C1C7}.Debug|x64.ActiveCfg = Debug|Any CPU
		{0D24D238-6A2C-402D-A4D2-40D90165C1C7}.Debug|x64.Build.0 = Debug|Any CPU
		{0D24D238-6A2C-402D-A4D2-40D90165C1C7}.Debug|x86.ActiveCfg = Debug|Any CPU
		{0D24D238-6A2C-402D-A4D2-40D90165C1C7}.Debug|x86.Build.0 = Debug|Any CPU
		{0D24D238-6A2C-402D-A4D2-40D90165C1C7}.Release|Any CPU.ActiveCfg = Release|Any CPU
		{0D24D238-6A2C-402D-A4D2-40D90165C1C7}.Release|Any CPU.Build.0 = Release|Any CPU
		{0D24D238-6A2C-402D-A4D2-40D90165C1C7}.Release|x64.ActiveCfg = Release|Any CPU
		{0D24D238-6A2C-402D-A4D2-40D90165C1C7}.Release|x64.Build.0 = Release|Any CPU
		{0D24D238-6A2C-402D-A4D2-40D90165C1C7}.Release|x86.ActiveCfg = Release|Any CPU
		{0D24D238-6A2C-402D-A4D2-40D90165C1C7}.Release|x86.Build.0 = Release|Any CPU
		{B78F98F3-9105-42EF-AA63-5AD925EC6B5D}.Debug|Any CPU.ActiveCfg = Debug|Any CPU
		{B78F98F3-9105-42EF-AA63-5AD925EC6B5D}.Debug|Any CPU.Build.0 = Debug|Any CPU
		{B78F98F3-9105-42EF-AA63-5AD925EC6B5D}.Debug|x64.ActiveCfg = Debug|Any CPU
		{B78F98F3-9105-42EF-AA63-5AD925EC6B5D}.Debug|x64.Build.0 = Debug|Any CPU
		{B78F98F3-9105-42EF-AA63-5AD925EC6B5D}.Debug|x86.ActiveCfg = Debug|Any CPU
		{B78F98F3-9105-42EF-AA63-5AD925EC6B5D}.Debug|x86.Build.0 = Debug|Any CPU
		{B78F98F3-9105-42EF-AA63-5AD925EC6B5D}.Release|Any CPU.ActiveCfg = Release|Any CPU
		{B78F98F3-9105-42EF-AA63-5AD925EC6B5D}.Release|Any CPU.Build.0 = Release|Any CPU
		{B78F98F3-9105-42EF-AA63-5AD925EC6B5D}.Release|x64.ActiveCfg = Release|Any CPU
		{B78F98F3-9105-42EF-AA63-5AD925EC6B5D}.Release|x64.Build.0 = Release|Any CPU
		{B78F98F3-9105-42EF-AA63-5AD925EC6B5D}.Release|x86.ActiveCfg = Release|Any CPU
		{B78F98F3-9105-42EF-AA63-5AD925EC6B5D}.Release|x86.Build.0 = Release|Any CPU
	EndGlobalSection
	GlobalSection(SolutionProperties) = preSolution
		HideSolutionNode = FALSE
	EndGlobalSection
	GlobalSection(ExtensibilityGlobals) = postSolution
		SolutionGuid = {A0B6CEF8-7265-4511-B5B4-97FD1CDCDD5F}
	EndGlobalSection
EndGlobal
